// !$*UTF8*$!
{
	archiveVersion = 1;
	classes = {
	};
	objectVersion = 56;
	objects = {

/* Begin PBXBuildFile section */
		AC61A6532BA6B6C000EF14BD /* TripDashboardViewModel.swift in Sources */ = {isa = PBXBuildFile; fileRef = AC61A6522BA6B6C000EF14BD /* TripDashboardViewModel.swift */; };
		AC61A6552BA6BB8300EF14BD /* TripIntro.swift in Sources */ = {isa = PBXBuildFile; fileRef = AC61A6542BA6BB8300EF14BD /* TripIntro.swift */; };
		AC61A6572BA6C97400EF14BD /* TripDetailInfo.swift in Sources */ = {isa = PBXBuildFile; fileRef = AC61A6562BA6C97400EF14BD /* TripDetailInfo.swift */; };
		AC61A65B2BA6E31F00EF14BD /* ExpenseCategory.swift in Sources */ = {isa = PBXBuildFile; fileRef = AC61A65A2BA6E31F00EF14BD /* ExpenseCategory.swift */; };
		AC61A65E2BA6E67200EF14BD /* ExpenseVC.swift in Sources */ = {isa = PBXBuildFile; fileRef = AC61A65D2BA6E67200EF14BD /* ExpenseVC.swift */; };
		AC61A6602BA6E67B00EF14BD /* ExpenseView.swift in Sources */ = {isa = PBXBuildFile; fileRef = AC61A65F2BA6E67B00EF14BD /* ExpenseView.swift */; };
		AC61A6622BA6E9CF00EF14BD /* CategoryCL.swift in Sources */ = {isa = PBXBuildFile; fileRef = AC61A6612BA6E9CF00EF14BD /* CategoryCL.swift */; };
		AC61A6642BA6EAB600EF14BD /* CategoryCVC.swift in Sources */ = {isa = PBXBuildFile; fileRef = AC61A6632BA6EAB600EF14BD /* CategoryCVC.swift */; };
		AC61A6662BA73CA400EF14BD /* NumberPadCVC.swift in Sources */ = {isa = PBXBuildFile; fileRef = AC61A6652BA73CA400EF14BD /* NumberPadCVC.swift */; };
		AC61A6682BA742F100EF14BD /* NumberPadCL.swift in Sources */ = {isa = PBXBuildFile; fileRef = AC61A6672BA742F100EF14BD /* NumberPadCL.swift */; };
		AC66687F2B9DA74C00AED57A /* CreateTripViewModel.swift in Sources */ = {isa = PBXBuildFile; fileRef = AC66687E2B9DA74C00AED57A /* CreateTripViewModel.swift */; };
		AC6668852B9EFAA800AED57A /* Realm in Frameworks */ = {isa = PBXBuildFile; productRef = AC6668842B9EFAA800AED57A /* Realm */; };
		AC6668872B9EFAA800AED57A /* RealmSwift in Frameworks */ = {isa = PBXBuildFile; productRef = AC6668862B9EFAA800AED57A /* RealmSwift */; };
		AC6668892B9EFAF200AED57A /* RealmManager.swift in Sources */ = {isa = PBXBuildFile; fileRef = AC6668882B9EFAF200AED57A /* RealmManager.swift */; };
		AC66688B2B9F00FD00AED57A /* TripInfo.swift in Sources */ = {isa = PBXBuildFile; fileRef = AC66688A2B9F00FD00AED57A /* TripInfo.swift */; };
		AC66688D2B9F023900AED57A /* RealmError.swift in Sources */ = {isa = PBXBuildFile; fileRef = AC66688C2B9F023900AED57A /* RealmError.swift */; };
		AC66688F2B9F194700AED57A /* TripCardCVC.swift in Sources */ = {isa = PBXBuildFile; fileRef = AC66688E2B9F194700AED57A /* TripCardCVC.swift */; };
		AC6668992B9FF37F00AED57A /* DashboardViewModel.swift in Sources */ = {isa = PBXBuildFile; fileRef = AC6668982B9FF37F00AED57A /* DashboardViewModel.swift */; };
		AC6668A02BA0179C00AED57A /* InProgressTrip.swift in Sources */ = {isa = PBXBuildFile; fileRef = AC66689F2BA0179C00AED57A /* InProgressTrip.swift */; };
		AC6668A22BA044C100AED57A /* NumberUtil.swift in Sources */ = {isa = PBXBuildFile; fileRef = AC6668A12BA044C100AED57A /* NumberUtil.swift */; };
		AC6668AA2BA1A26000AED57A /* String++.swift in Sources */ = {isa = PBXBuildFile; fileRef = AC6668A92BA1A26000AED57A /* String++.swift */; };
		AC6668AC2BA1D6F400AED57A /* ExchangeRateCVC.swift in Sources */ = {isa = PBXBuildFile; fileRef = AC6668AB2BA1D6F400AED57A /* ExchangeRateCVC.swift */; };
		AC6668AE2BA1E4BE00AED57A /* ExchangeRateCRV.swift in Sources */ = {isa = PBXBuildFile; fileRef = AC6668AD2BA1E4BE00AED57A /* ExchangeRateCRV.swift */; };
		AC6668B12BA2819200AED57A /* Alamofire in Frameworks */ = {isa = PBXBuildFile; productRef = AC6668B02BA2819200AED57A /* Alamofire */; };
		AC6668B42BA281C300AED57A /* APIManager.swift in Sources */ = {isa = PBXBuildFile; fileRef = AC6668B32BA281C300AED57A /* APIManager.swift */; };
		AC6668B92BA2835A00AED57A /* APIProtocol.swift in Sources */ = {isa = PBXBuildFile; fileRef = AC6668B82BA2835A00AED57A /* APIProtocol.swift */; };
		AC6668BB2BA284AC00AED57A /* ExchangeAPI.swift in Sources */ = {isa = PBXBuildFile; fileRef = AC6668BA2BA284AC00AED57A /* ExchangeAPI.swift */; };
		AC6668BF2BA291E100AED57A /* ExchangeAPIModel.swift in Sources */ = {isa = PBXBuildFile; fileRef = AC6668BE2BA291E100AED57A /* ExchangeAPIModel.swift */; };
		AC6668C12BA2B4D000AED57A /* APIViewModel.swift in Sources */ = {isa = PBXBuildFile; fileRef = AC6668C02BA2B4D000AED57A /* APIViewModel.swift */; };
		AC6668C82BA2EEFF00AED57A /* APIKey.swift in Sources */ = {isa = PBXBuildFile; fileRef = AC6668C72BA2EEFF00AED57A /* APIKey.swift */; };
		AC6668D02BA306E600AED57A /* ExchangeRealm.swift in Sources */ = {isa = PBXBuildFile; fileRef = AC6668CF2BA306E600AED57A /* ExchangeRealm.swift */; };
		AC78E2EA2BA43BF5005B2E99 /* TripDashboardVC.swift in Sources */ = {isa = PBXBuildFile; fileRef = AC78E2E92BA43BF5005B2E99 /* TripDashboardVC.swift */; };
		AC78E2EC2BA43C04005B2E99 /* TripDashboardView.swift in Sources */ = {isa = PBXBuildFile; fileRef = AC78E2EB2BA43C04005B2E99 /* TripDashboardView.swift */; };
		AC78E2EE2BA440BD005B2E99 /* TripDashboardCL.swift in Sources */ = {isa = PBXBuildFile; fileRef = AC78E2ED2BA440BD005B2E99 /* TripDashboardCL.swift */; };
		AC78E2F02BA442D8005B2E99 /* TripIntroCVC.swift in Sources */ = {isa = PBXBuildFile; fileRef = AC78E2EF2BA442D8005B2E99 /* TripIntroCVC.swift */; };
		AC78E2F22BA44ED6005B2E99 /* BudgetCardCVC.swift in Sources */ = {isa = PBXBuildFile; fileRef = AC78E2F12BA44ED6005B2E99 /* BudgetCardCVC.swift */; };
		AC78E2F42BA46753005B2E99 /* ExpenseCVC.swift in Sources */ = {isa = PBXBuildFile; fileRef = AC78E2F32BA46753005B2E99 /* ExpenseCVC.swift */; };
		AC939C232BA82FEF0048956B /* ExpenseViewModel.swift in Sources */ = {isa = PBXBuildFile; fileRef = AC939C222BA82FEF0048956B /* ExpenseViewModel.swift */; };
		AC939C252BA88EF50048956B /* ExpenseCRV.swift in Sources */ = {isa = PBXBuildFile; fileRef = AC939C242BA88EF50048956B /* ExpenseCRV.swift */; };
		ACF5ACC22B99838600DBEF85 /* AppDelegate.swift in Sources */ = {isa = PBXBuildFile; fileRef = ACF5ACC12B99838600DBEF85 /* AppDelegate.swift */; };
		ACF5ACC42B99838600DBEF85 /* SceneDelegate.swift in Sources */ = {isa = PBXBuildFile; fileRef = ACF5ACC32B99838600DBEF85 /* SceneDelegate.swift */; };
		ACF5ACC92B99838600DBEF85 /* Base in Resources */ = {isa = PBXBuildFile; fileRef = ACF5ACC82B99838600DBEF85 /* Base */; };
		ACF5ACCB2B99838700DBEF85 /* Assets.xcassets in Resources */ = {isa = PBXBuildFile; fileRef = ACF5ACCA2B99838700DBEF85 /* Assets.xcassets */; };
		ACF5ACCE2B99838700DBEF85 /* Base in Resources */ = {isa = PBXBuildFile; fileRef = ACF5ACCD2B99838700DBEF85 /* Base */; };
		ACF5ACE62B9AFB9C00DBEF85 /* NotoSansKR-Medium.otf in Resources */ = {isa = PBXBuildFile; fileRef = ACF5ACDF2B9AFB9B00DBEF85 /* NotoSansKR-Medium.otf */; };
		ACF5ACE72B9AFB9C00DBEF85 /* NotoSansKR-Thin.otf in Resources */ = {isa = PBXBuildFile; fileRef = ACF5ACE02B9AFB9C00DBEF85 /* NotoSansKR-Thin.otf */; };
		ACF5ACE82B9AFB9C00DBEF85 /* NotoSansKR-DemiLight.otf in Resources */ = {isa = PBXBuildFile; fileRef = ACF5ACE12B9AFB9C00DBEF85 /* NotoSansKR-DemiLight.otf */; };
		ACF5ACE92B9AFB9C00DBEF85 /* NotoSansKR-Light.otf in Resources */ = {isa = PBXBuildFile; fileRef = ACF5ACE22B9AFB9C00DBEF85 /* NotoSansKR-Light.otf */; };
		ACF5ACEA2B9AFB9C00DBEF85 /* NotoSansKR-Regular.otf in Resources */ = {isa = PBXBuildFile; fileRef = ACF5ACE32B9AFB9C00DBEF85 /* NotoSansKR-Regular.otf */; };
		ACF5ACEB2B9AFB9C00DBEF85 /* NotoSansKR-Bold.otf in Resources */ = {isa = PBXBuildFile; fileRef = ACF5ACE42B9AFB9C00DBEF85 /* NotoSansKR-Bold.otf */; };
		ACF5ACEC2B9AFB9C00DBEF85 /* NotoSansKR-Black.otf in Resources */ = {isa = PBXBuildFile; fileRef = ACF5ACE52B9AFB9C00DBEF85 /* NotoSansKR-Black.otf */; };
		ACF5ACF12B9AFF5000DBEF85 /* Consts.swift in Sources */ = {isa = PBXBuildFile; fileRef = ACF5ACF02B9AFF5000DBEF85 /* Consts.swift */; };
		ACF5ACF32B9B008F00DBEF85 /* FontManager.swift in Sources */ = {isa = PBXBuildFile; fileRef = ACF5ACF22B9B008F00DBEF85 /* FontManager.swift */; };
		ACF5ACF62B9B03FC00DBEF85 /* BaseView.swift in Sources */ = {isa = PBXBuildFile; fileRef = ACF5ACF52B9B03FC00DBEF85 /* BaseView.swift */; };
		ACF5ACF82B9B049200DBEF85 /* BaseViewController.swift in Sources */ = {isa = PBXBuildFile; fileRef = ACF5ACF72B9B049200DBEF85 /* BaseViewController.swift */; };
		ACF5ACFE2B9B07B800DBEF85 /* DashboardView.swift in Sources */ = {isa = PBXBuildFile; fileRef = ACF5ACFD2B9B07B800DBEF85 /* DashboardView.swift */; };
		ACF5AD002B9B07C700DBEF85 /* DashboardVC.swift in Sources */ = {isa = PBXBuildFile; fileRef = ACF5ACFF2B9B07C700DBEF85 /* DashboardVC.swift */; };
		ACF5AD022B9B0AD500DBEF85 /* DashboardCL.swift in Sources */ = {isa = PBXBuildFile; fileRef = ACF5AD012B9B0AD500DBEF85 /* DashboardCL.swift */; };
		ACF5AD072B9B0F3400DBEF85 /* Observable.swift in Sources */ = {isa = PBXBuildFile; fileRef = ACF5AD062B9B0F3400DBEF85 /* Observable.swift */; };
		ACF5AD092B9B108E00DBEF85 /* BaseCollectionViewCell.swift in Sources */ = {isa = PBXBuildFile; fileRef = ACF5AD082B9B108E00DBEF85 /* BaseCollectionViewCell.swift */; };
		ACF5AD0B2B9B112600DBEF85 /* IntroCVC.swift in Sources */ = {isa = PBXBuildFile; fileRef = ACF5AD0A2B9B112600DBEF85 /* IntroCVC.swift */; };
		ACF5AD0E2B9C0EB200DBEF85 /* CreateTripVC.swift in Sources */ = {isa = PBXBuildFile; fileRef = ACF5AD0D2B9C0EB200DBEF85 /* CreateTripVC.swift */; };
		ACF5AD102B9C0EBB00DBEF85 /* CreateTripView.swift in Sources */ = {isa = PBXBuildFile; fileRef = ACF5AD0F2B9C0EBB00DBEF85 /* CreateTripView.swift */; };
		ACF5AD132B9C25C900DBEF85 /* SnapKit in Frameworks */ = {isa = PBXBuildFile; productRef = ACF5AD122B9C25C900DBEF85 /* SnapKit */; };
		ACF5AD162B9C5A3F00DBEF85 /* FSCalendar in Frameworks */ = {isa = PBXBuildFile; productRef = ACF5AD152B9C5A3F00DBEF85 /* FSCalendar */; };
		ACF5AD192B9C650F00DBEF85 /* NSObject++.swift in Sources */ = {isa = PBXBuildFile; fileRef = ACF5AD182B9C650F00DBEF85 /* NSObject++.swift */; };
		ACF5AD1B2B9C677600DBEF85 /* CalendarCustomCell.swift in Sources */ = {isa = PBXBuildFile; fileRef = ACF5AD1A2B9C677600DBEF85 /* CalendarCustomCell.swift */; };
		ACF5AD1D2B9C6B1C00DBEF85 /* CalendarViewModel.swift in Sources */ = {isa = PBXBuildFile; fileRef = ACF5AD1C2B9C6B1C00DBEF85 /* CalendarViewModel.swift */; };
		ACF5AD1F2B9C729C00DBEF85 /* DateUtil.swift in Sources */ = {isa = PBXBuildFile; fileRef = ACF5AD1E2B9C729C00DBEF85 /* DateUtil.swift */; };
		ACF5AD222B9CB14300DBEF85 /* CalendarVC.swift in Sources */ = {isa = PBXBuildFile; fileRef = ACF5AD212B9CB14300DBEF85 /* CalendarVC.swift */; };
		ACF5AD242B9CB14E00DBEF85 /* CalendarView.swift in Sources */ = {isa = PBXBuildFile; fileRef = ACF5AD232B9CB14E00DBEF85 /* CalendarView.swift */; };
		ACF5AD262B9CBC9400DBEF85 /* CalendarType.swift in Sources */ = {isa = PBXBuildFile; fileRef = ACF5AD252B9CBC9400DBEF85 /* CalendarType.swift */; };
		ACF5AD282B9D6BEC00DBEF85 /* UIButton++.swift in Sources */ = {isa = PBXBuildFile; fileRef = ACF5AD272B9D6BEC00DBEF85 /* UIButton++.swift */; };
		ACF5AD2A2B9D6DDE00DBEF85 /* UITextField++.swift in Sources */ = {isa = PBXBuildFile; fileRef = ACF5AD292B9D6DDE00DBEF85 /* UITextField++.swift */; };
		ACF5AD2C2B9D6F0700DBEF85 /* UILabel++.swift in Sources */ = {isa = PBXBuildFile; fileRef = ACF5AD2B2B9D6F0700DBEF85 /* UILabel++.swift */; };
/* End PBXBuildFile section */

/* Begin PBXFileReference section */
		AC61A6522BA6B6C000EF14BD /* TripDashboardViewModel.swift */ = {isa = PBXFileReference; lastKnownFileType = sourcecode.swift; path = TripDashboardViewModel.swift; sourceTree = "<group>"; };
		AC61A6542BA6BB8300EF14BD /* TripIntro.swift */ = {isa = PBXFileReference; lastKnownFileType = sourcecode.swift; path = TripIntro.swift; sourceTree = "<group>"; };
		AC61A6562BA6C97400EF14BD /* TripDetailInfo.swift */ = {isa = PBXFileReference; lastKnownFileType = sourcecode.swift; path = TripDetailInfo.swift; sourceTree = "<group>"; };
		AC61A65A2BA6E31F00EF14BD /* ExpenseCategory.swift */ = {isa = PBXFileReference; lastKnownFileType = sourcecode.swift; path = ExpenseCategory.swift; sourceTree = "<group>"; };
		AC61A65D2BA6E67200EF14BD /* ExpenseVC.swift */ = {isa = PBXFileReference; lastKnownFileType = sourcecode.swift; path = ExpenseVC.swift; sourceTree = "<group>"; };
		AC61A65F2BA6E67B00EF14BD /* ExpenseView.swift */ = {isa = PBXFileReference; lastKnownFileType = sourcecode.swift; path = ExpenseView.swift; sourceTree = "<group>"; };
		AC61A6612BA6E9CF00EF14BD /* CategoryCL.swift */ = {isa = PBXFileReference; lastKnownFileType = sourcecode.swift; path = CategoryCL.swift; sourceTree = "<group>"; };
		AC61A6632BA6EAB600EF14BD /* CategoryCVC.swift */ = {isa = PBXFileReference; lastKnownFileType = sourcecode.swift; path = CategoryCVC.swift; sourceTree = "<group>"; };
		AC61A6652BA73CA400EF14BD /* NumberPadCVC.swift */ = {isa = PBXFileReference; lastKnownFileType = sourcecode.swift; path = NumberPadCVC.swift; sourceTree = "<group>"; };
		AC61A6672BA742F100EF14BD /* NumberPadCL.swift */ = {isa = PBXFileReference; lastKnownFileType = sourcecode.swift; path = NumberPadCL.swift; sourceTree = "<group>"; };
		AC66687E2B9DA74C00AED57A /* CreateTripViewModel.swift */ = {isa = PBXFileReference; lastKnownFileType = sourcecode.swift; path = CreateTripViewModel.swift; sourceTree = "<group>"; };
		AC6668882B9EFAF200AED57A /* RealmManager.swift */ = {isa = PBXFileReference; lastKnownFileType = sourcecode.swift; path = RealmManager.swift; sourceTree = "<group>"; };
		AC66688A2B9F00FD00AED57A /* TripInfo.swift */ = {isa = PBXFileReference; lastKnownFileType = sourcecode.swift; path = TripInfo.swift; sourceTree = "<group>"; };
		AC66688C2B9F023900AED57A /* RealmError.swift */ = {isa = PBXFileReference; lastKnownFileType = sourcecode.swift; path = RealmError.swift; sourceTree = "<group>"; };
		AC66688E2B9F194700AED57A /* TripCardCVC.swift */ = {isa = PBXFileReference; lastKnownFileType = sourcecode.swift; path = TripCardCVC.swift; sourceTree = "<group>"; };
		AC6668982B9FF37F00AED57A /* DashboardViewModel.swift */ = {isa = PBXFileReference; lastKnownFileType = sourcecode.swift; path = DashboardViewModel.swift; sourceTree = "<group>"; };
		AC66689F2BA0179C00AED57A /* InProgressTrip.swift */ = {isa = PBXFileReference; lastKnownFileType = sourcecode.swift; path = InProgressTrip.swift; sourceTree = "<group>"; };
		AC6668A12BA044C100AED57A /* NumberUtil.swift */ = {isa = PBXFileReference; lastKnownFileType = sourcecode.swift; path = NumberUtil.swift; sourceTree = "<group>"; };
		AC6668A92BA1A26000AED57A /* String++.swift */ = {isa = PBXFileReference; lastKnownFileType = sourcecode.swift; path = "String++.swift"; sourceTree = "<group>"; };
		AC6668AB2BA1D6F400AED57A /* ExchangeRateCVC.swift */ = {isa = PBXFileReference; lastKnownFileType = sourcecode.swift; path = ExchangeRateCVC.swift; sourceTree = "<group>"; };
		AC6668AD2BA1E4BE00AED57A /* ExchangeRateCRV.swift */ = {isa = PBXFileReference; lastKnownFileType = sourcecode.swift; path = ExchangeRateCRV.swift; sourceTree = "<group>"; };
		AC6668B32BA281C300AED57A /* APIManager.swift */ = {isa = PBXFileReference; lastKnownFileType = sourcecode.swift; path = APIManager.swift; sourceTree = "<group>"; };
		AC6668B82BA2835A00AED57A /* APIProtocol.swift */ = {isa = PBXFileReference; lastKnownFileType = sourcecode.swift; path = APIProtocol.swift; sourceTree = "<group>"; };
		AC6668BA2BA284AC00AED57A /* ExchangeAPI.swift */ = {isa = PBXFileReference; lastKnownFileType = sourcecode.swift; path = ExchangeAPI.swift; sourceTree = "<group>"; };
		AC6668BE2BA291E100AED57A /* ExchangeAPIModel.swift */ = {isa = PBXFileReference; lastKnownFileType = sourcecode.swift; path = ExchangeAPIModel.swift; sourceTree = "<group>"; };
		AC6668C02BA2B4D000AED57A /* APIViewModel.swift */ = {isa = PBXFileReference; lastKnownFileType = sourcecode.swift; path = APIViewModel.swift; sourceTree = "<group>"; };
		AC6668C72BA2EEFF00AED57A /* APIKey.swift */ = {isa = PBXFileReference; lastKnownFileType = sourcecode.swift; path = APIKey.swift; sourceTree = "<group>"; };
		AC6668CF2BA306E600AED57A /* ExchangeRealm.swift */ = {isa = PBXFileReference; lastKnownFileType = sourcecode.swift; path = ExchangeRealm.swift; sourceTree = "<group>"; };
		AC78E2E92BA43BF5005B2E99 /* TripDashboardVC.swift */ = {isa = PBXFileReference; lastKnownFileType = sourcecode.swift; path = TripDashboardVC.swift; sourceTree = "<group>"; };
		AC78E2EB2BA43C04005B2E99 /* TripDashboardView.swift */ = {isa = PBXFileReference; lastKnownFileType = sourcecode.swift; path = TripDashboardView.swift; sourceTree = "<group>"; };
		AC78E2ED2BA440BD005B2E99 /* TripDashboardCL.swift */ = {isa = PBXFileReference; lastKnownFileType = sourcecode.swift; path = TripDashboardCL.swift; sourceTree = "<group>"; };
		AC78E2EF2BA442D8005B2E99 /* TripIntroCVC.swift */ = {isa = PBXFileReference; lastKnownFileType = sourcecode.swift; path = TripIntroCVC.swift; sourceTree = "<group>"; };
		AC78E2F12BA44ED6005B2E99 /* BudgetCardCVC.swift */ = {isa = PBXFileReference; lastKnownFileType = sourcecode.swift; path = BudgetCardCVC.swift; sourceTree = "<group>"; };
		AC78E2F32BA46753005B2E99 /* ExpenseCVC.swift */ = {isa = PBXFileReference; lastKnownFileType = sourcecode.swift; path = ExpenseCVC.swift; sourceTree = "<group>"; };
		AC939C222BA82FEF0048956B /* ExpenseViewModel.swift */ = {isa = PBXFileReference; lastKnownFileType = sourcecode.swift; path = ExpenseViewModel.swift; sourceTree = "<group>"; };
		AC939C242BA88EF50048956B /* ExpenseCRV.swift */ = {isa = PBXFileReference; lastKnownFileType = sourcecode.swift; path = ExpenseCRV.swift; sourceTree = "<group>"; };
		ACF5ACBE2B99838600DBEF85 /* DoT.app */ = {isa = PBXFileReference; explicitFileType = wrapper.application; includeInIndex = 0; path = DoT.app; sourceTree = BUILT_PRODUCTS_DIR; };
		ACF5ACC12B99838600DBEF85 /* AppDelegate.swift */ = {isa = PBXFileReference; lastKnownFileType = sourcecode.swift; path = AppDelegate.swift; sourceTree = "<group>"; };
		ACF5ACC32B99838600DBEF85 /* SceneDelegate.swift */ = {isa = PBXFileReference; lastKnownFileType = sourcecode.swift; path = SceneDelegate.swift; sourceTree = "<group>"; };
		ACF5ACC82B99838600DBEF85 /* Base */ = {isa = PBXFileReference; lastKnownFileType = file.storyboard; name = Base; path = Base.lproj/Main.storyboard; sourceTree = "<group>"; };
		ACF5ACCA2B99838700DBEF85 /* Assets.xcassets */ = {isa = PBXFileReference; lastKnownFileType = folder.assetcatalog; path = Assets.xcassets; sourceTree = "<group>"; };
		ACF5ACCD2B99838700DBEF85 /* Base */ = {isa = PBXFileReference; lastKnownFileType = file.storyboard; name = Base; path = Base.lproj/LaunchScreen.storyboard; sourceTree = "<group>"; };
		ACF5ACCF2B99838700DBEF85 /* Info.plist */ = {isa = PBXFileReference; lastKnownFileType = text.plist.xml; path = Info.plist; sourceTree = "<group>"; };
		ACF5ACDF2B9AFB9B00DBEF85 /* NotoSansKR-Medium.otf */ = {isa = PBXFileReference; lastKnownFileType = file; path = "NotoSansKR-Medium.otf"; sourceTree = "<group>"; };
		ACF5ACE02B9AFB9C00DBEF85 /* NotoSansKR-Thin.otf */ = {isa = PBXFileReference; lastKnownFileType = file; path = "NotoSansKR-Thin.otf"; sourceTree = "<group>"; };
		ACF5ACE12B9AFB9C00DBEF85 /* NotoSansKR-DemiLight.otf */ = {isa = PBXFileReference; lastKnownFileType = file; path = "NotoSansKR-DemiLight.otf"; sourceTree = "<group>"; };
		ACF5ACE22B9AFB9C00DBEF85 /* NotoSansKR-Light.otf */ = {isa = PBXFileReference; lastKnownFileType = file; path = "NotoSansKR-Light.otf"; sourceTree = "<group>"; };
		ACF5ACE32B9AFB9C00DBEF85 /* NotoSansKR-Regular.otf */ = {isa = PBXFileReference; lastKnownFileType = file; path = "NotoSansKR-Regular.otf"; sourceTree = "<group>"; };
		ACF5ACE42B9AFB9C00DBEF85 /* NotoSansKR-Bold.otf */ = {isa = PBXFileReference; lastKnownFileType = file; path = "NotoSansKR-Bold.otf"; sourceTree = "<group>"; };
		ACF5ACE52B9AFB9C00DBEF85 /* NotoSansKR-Black.otf */ = {isa = PBXFileReference; lastKnownFileType = file; path = "NotoSansKR-Black.otf"; sourceTree = "<group>"; };
		ACF5ACF02B9AFF5000DBEF85 /* Consts.swift */ = {isa = PBXFileReference; lastKnownFileType = sourcecode.swift; path = Consts.swift; sourceTree = "<group>"; };
		ACF5ACF22B9B008F00DBEF85 /* FontManager.swift */ = {isa = PBXFileReference; lastKnownFileType = sourcecode.swift; path = FontManager.swift; sourceTree = "<group>"; };
		ACF5ACF52B9B03FC00DBEF85 /* BaseView.swift */ = {isa = PBXFileReference; lastKnownFileType = sourcecode.swift; path = BaseView.swift; sourceTree = "<group>"; };
		ACF5ACF72B9B049200DBEF85 /* BaseViewController.swift */ = {isa = PBXFileReference; lastKnownFileType = sourcecode.swift; path = BaseViewController.swift; sourceTree = "<group>"; };
		ACF5ACFD2B9B07B800DBEF85 /* DashboardView.swift */ = {isa = PBXFileReference; lastKnownFileType = sourcecode.swift; path = DashboardView.swift; sourceTree = "<group>"; };
		ACF5ACFF2B9B07C700DBEF85 /* DashboardVC.swift */ = {isa = PBXFileReference; lastKnownFileType = sourcecode.swift; path = DashboardVC.swift; sourceTree = "<group>"; };
		ACF5AD012B9B0AD500DBEF85 /* DashboardCL.swift */ = {isa = PBXFileReference; lastKnownFileType = sourcecode.swift; path = DashboardCL.swift; sourceTree = "<group>"; };
		ACF5AD062B9B0F3400DBEF85 /* Observable.swift */ = {isa = PBXFileReference; lastKnownFileType = sourcecode.swift; path = Observable.swift; sourceTree = "<group>"; };
		ACF5AD082B9B108E00DBEF85 /* BaseCollectionViewCell.swift */ = {isa = PBXFileReference; lastKnownFileType = sourcecode.swift; path = BaseCollectionViewCell.swift; sourceTree = "<group>"; };
		ACF5AD0A2B9B112600DBEF85 /* IntroCVC.swift */ = {isa = PBXFileReference; lastKnownFileType = sourcecode.swift; path = IntroCVC.swift; sourceTree = "<group>"; };
		ACF5AD0D2B9C0EB200DBEF85 /* CreateTripVC.swift */ = {isa = PBXFileReference; lastKnownFileType = sourcecode.swift; path = CreateTripVC.swift; sourceTree = "<group>"; };
		ACF5AD0F2B9C0EBB00DBEF85 /* CreateTripView.swift */ = {isa = PBXFileReference; lastKnownFileType = sourcecode.swift; path = CreateTripView.swift; sourceTree = "<group>"; };
		ACF5AD182B9C650F00DBEF85 /* NSObject++.swift */ = {isa = PBXFileReference; lastKnownFileType = sourcecode.swift; path = "NSObject++.swift"; sourceTree = "<group>"; };
		ACF5AD1A2B9C677600DBEF85 /* CalendarCustomCell.swift */ = {isa = PBXFileReference; lastKnownFileType = sourcecode.swift; path = CalendarCustomCell.swift; sourceTree = "<group>"; };
		ACF5AD1C2B9C6B1C00DBEF85 /* CalendarViewModel.swift */ = {isa = PBXFileReference; lastKnownFileType = sourcecode.swift; path = CalendarViewModel.swift; sourceTree = "<group>"; };
		ACF5AD1E2B9C729C00DBEF85 /* DateUtil.swift */ = {isa = PBXFileReference; lastKnownFileType = sourcecode.swift; path = DateUtil.swift; sourceTree = "<group>"; };
		ACF5AD212B9CB14300DBEF85 /* CalendarVC.swift */ = {isa = PBXFileReference; lastKnownFileType = sourcecode.swift; path = CalendarVC.swift; sourceTree = "<group>"; };
		ACF5AD232B9CB14E00DBEF85 /* CalendarView.swift */ = {isa = PBXFileReference; lastKnownFileType = sourcecode.swift; path = CalendarView.swift; sourceTree = "<group>"; };
		ACF5AD252B9CBC9400DBEF85 /* CalendarType.swift */ = {isa = PBXFileReference; lastKnownFileType = sourcecode.swift; path = CalendarType.swift; sourceTree = "<group>"; };
		ACF5AD272B9D6BEC00DBEF85 /* UIButton++.swift */ = {isa = PBXFileReference; lastKnownFileType = sourcecode.swift; path = "UIButton++.swift"; sourceTree = "<group>"; };
		ACF5AD292B9D6DDE00DBEF85 /* UITextField++.swift */ = {isa = PBXFileReference; lastKnownFileType = sourcecode.swift; path = "UITextField++.swift"; sourceTree = "<group>"; };
		ACF5AD2B2B9D6F0700DBEF85 /* UILabel++.swift */ = {isa = PBXFileReference; lastKnownFileType = sourcecode.swift; path = "UILabel++.swift"; sourceTree = "<group>"; };
/* End PBXFileReference section */

/* Begin PBXFrameworksBuildPhase section */
		ACF5ACBB2B99838600DBEF85 /* Frameworks */ = {
			isa = PBXFrameworksBuildPhase;
			buildActionMask = 2147483647;
			files = (
				AC6668B12BA2819200AED57A /* Alamofire in Frameworks */,
				AC6668872B9EFAA800AED57A /* RealmSwift in Frameworks */,
				AC6668852B9EFAA800AED57A /* Realm in Frameworks */,
				ACF5AD132B9C25C900DBEF85 /* SnapKit in Frameworks */,
				ACF5AD162B9C5A3F00DBEF85 /* FSCalendar in Frameworks */,
			);
			runOnlyForDeploymentPostprocessing = 0;
		};
/* End PBXFrameworksBuildPhase section */

/* Begin PBXGroup section */
		AC61A65C2BA6E64D00EF14BD /* Expense */ = {
			isa = PBXGroup;
			children = (
				AC61A65D2BA6E67200EF14BD /* ExpenseVC.swift */,
				AC61A65F2BA6E67B00EF14BD /* ExpenseView.swift */,
				AC61A6632BA6EAB600EF14BD /* CategoryCVC.swift */,
				AC61A6652BA73CA400EF14BD /* NumberPadCVC.swift */,
			);
			path = Expense;
			sourceTree = "<group>";
		};
		AC6668822B9EF9FF00AED57A /* Realm */ = {
			isa = PBXGroup;
			children = (
				AC6668882B9EFAF200AED57A /* RealmManager.swift */,
				AC66688C2B9F023900AED57A /* RealmError.swift */,
			);
			path = Realm;
			sourceTree = "<group>";
		};
		AC6668B22BA281B300AED57A /* API */ = {
			isa = PBXGroup;
			children = (
				AC6668B32BA281C300AED57A /* APIManager.swift */,
				AC6668BA2BA284AC00AED57A /* ExchangeAPI.swift */,
			);
			path = API;
			sourceTree = "<group>";
		};
		AC6668B52BA282CE00AED57A /* Util */ = {
			isa = PBXGroup;
			children = (
				ACF5AD1E2B9C729C00DBEF85 /* DateUtil.swift */,
				AC6668A12BA044C100AED57A /* NumberUtil.swift */,
			);
			path = Util;
			sourceTree = "<group>";
		};
		AC6668B62BA282E300AED57A /* Data */ = {
			isa = PBXGroup;
			children = (
				AC66688A2B9F00FD00AED57A /* TripInfo.swift */,
				AC6668BE2BA291E100AED57A /* ExchangeAPIModel.swift */,
				AC6668CF2BA306E600AED57A /* ExchangeRealm.swift */,
				AC61A6562BA6C97400EF14BD /* TripDetailInfo.swift */,
				AC66689F2BA0179C00AED57A /* InProgressTrip.swift */,
				AC61A6542BA6BB8300EF14BD /* TripIntro.swift */,
			);
			path = Data;
			sourceTree = "<group>";
		};
		AC6668B72BA2834800AED57A /* Protocol */ = {
			isa = PBXGroup;
			children = (
				AC6668B82BA2835A00AED57A /* APIProtocol.swift */,
			);
			path = Protocol;
			sourceTree = "<group>";
		};
		AC6668CE2BA3023000AED57A /* ETC */ = {
			isa = PBXGroup;
			children = (
				ACF5AD062B9B0F3400DBEF85 /* Observable.swift */,
				ACF5AD252B9CBC9400DBEF85 /* CalendarType.swift */,
				AC6668C72BA2EEFF00AED57A /* APIKey.swift */,
				ACF5ACF02B9AFF5000DBEF85 /* Consts.swift */,
				ACF5ACF22B9B008F00DBEF85 /* FontManager.swift */,
				AC61A65A2BA6E31F00EF14BD /* ExpenseCategory.swift */,
			);
			path = ETC;
			sourceTree = "<group>";
		};
		AC78E2E82BA439D3005B2E99 /* TripDashboard */ = {
			isa = PBXGroup;
			children = (
				AC78E2E92BA43BF5005B2E99 /* TripDashboardVC.swift */,
				AC78E2EB2BA43C04005B2E99 /* TripDashboardView.swift */,
				AC78E2EF2BA442D8005B2E99 /* TripIntroCVC.swift */,
				AC78E2F12BA44ED6005B2E99 /* BudgetCardCVC.swift */,
				AC78E2F32BA46753005B2E99 /* ExpenseCVC.swift */,
				AC939C242BA88EF50048956B /* ExpenseCRV.swift */,
			);
			path = TripDashboard;
			sourceTree = "<group>";
		};
		ACF5ACB52B99838600DBEF85 = {
			isa = PBXGroup;
			children = (
				ACF5ACC02B99838600DBEF85 /* DoT */,
				ACF5ACBF2B99838600DBEF85 /* Products */,
			);
			sourceTree = "<group>";
		};
		ACF5ACBF2B99838600DBEF85 /* Products */ = {
			isa = PBXGroup;
			children = (
				ACF5ACBE2B99838600DBEF85 /* DoT.app */,
			);
			name = Products;
			sourceTree = "<group>";
		};
		ACF5ACC02B99838600DBEF85 /* DoT */ = {
			isa = PBXGroup;
			children = (
				AC6668B72BA2834800AED57A /* Protocol */,
				ACF5AD172B9C64F800DBEF85 /* Extension */,
				ACF5ACF92B9B072800DBEF85 /* Model */,
				ACF5ACFA2B9B074800DBEF85 /* ViewModel */,
				ACF5ACFB2B9B078A00DBEF85 /* Controller&View */,
				ACF5ACF42B9B03D400DBEF85 /* Base */,
				ACF5ACC12B99838600DBEF85 /* AppDelegate.swift */,
				ACF5ACC32B99838600DBEF85 /* SceneDelegate.swift */,
				ACF5ACC72B99838600DBEF85 /* Main.storyboard */,
				ACF5ACCC2B99838700DBEF85 /* LaunchScreen.storyboard */,
				ACF5ACCA2B99838700DBEF85 /* Assets.xcassets */,
				ACF5ACCF2B99838700DBEF85 /* Info.plist */,
				ACF5ACDD2B9AFB8300DBEF85 /* Resource */,
			);
			path = DoT;
			sourceTree = "<group>";
		};
		ACF5ACDD2B9AFB8300DBEF85 /* Resource */ = {
			isa = PBXGroup;
			children = (
				ACF5ACDE2B9AFB9000DBEF85 /* Font */,
			);
			path = Resource;
			sourceTree = "<group>";
		};
		ACF5ACDE2B9AFB9000DBEF85 /* Font */ = {
			isa = PBXGroup;
			children = (
				ACF5ACE52B9AFB9C00DBEF85 /* NotoSansKR-Black.otf */,
				ACF5ACE42B9AFB9C00DBEF85 /* NotoSansKR-Bold.otf */,
				ACF5ACE12B9AFB9C00DBEF85 /* NotoSansKR-DemiLight.otf */,
				ACF5ACE22B9AFB9C00DBEF85 /* NotoSansKR-Light.otf */,
				ACF5ACDF2B9AFB9B00DBEF85 /* NotoSansKR-Medium.otf */,
				ACF5ACE32B9AFB9C00DBEF85 /* NotoSansKR-Regular.otf */,
				ACF5ACE02B9AFB9C00DBEF85 /* NotoSansKR-Thin.otf */,
			);
			path = Font;
			sourceTree = "<group>";
		};
		ACF5ACF42B9B03D400DBEF85 /* Base */ = {
			isa = PBXGroup;
			children = (
				ACF5ACF52B9B03FC00DBEF85 /* BaseView.swift */,
				ACF5ACF72B9B049200DBEF85 /* BaseViewController.swift */,
				ACF5AD082B9B108E00DBEF85 /* BaseCollectionViewCell.swift */,
			);
			path = Base;
			sourceTree = "<group>";
		};
		ACF5ACF92B9B072800DBEF85 /* Model */ = {
			isa = PBXGroup;
			children = (
				AC6668CE2BA3023000AED57A /* ETC */,
				AC6668B62BA282E300AED57A /* Data */,
				AC6668B52BA282CE00AED57A /* Util */,
				AC6668B22BA281B300AED57A /* API */,
				AC6668822B9EF9FF00AED57A /* Realm */,
				ACF5AD032B9B0B5D00DBEF85 /* CompositionalLayout */,
			);
			path = Model;
			sourceTree = "<group>";
		};
		ACF5ACFA2B9B074800DBEF85 /* ViewModel */ = {
			isa = PBXGroup;
			children = (
				ACF5AD1C2B9C6B1C00DBEF85 /* CalendarViewModel.swift */,
				AC66687E2B9DA74C00AED57A /* CreateTripViewModel.swift */,
				AC6668982B9FF37F00AED57A /* DashboardViewModel.swift */,
				AC61A6522BA6B6C000EF14BD /* TripDashboardViewModel.swift */,
				AC6668C02BA2B4D000AED57A /* APIViewModel.swift */,
				AC939C222BA82FEF0048956B /* ExpenseViewModel.swift */,
			);
			path = ViewModel;
			sourceTree = "<group>";
		};
		ACF5ACFB2B9B078A00DBEF85 /* Controller&View */ = {
			isa = PBXGroup;
			children = (
				AC61A65C2BA6E64D00EF14BD /* Expense */,
				AC78E2E82BA439D3005B2E99 /* TripDashboard */,
				ACF5AD0C2B9C0E9200DBEF85 /* CreateTrip */,
				ACF5ACFC2B9B079F00DBEF85 /* Dashboard */,
			);
			path = "Controller&View";
			sourceTree = "<group>";
		};
		ACF5ACFC2B9B079F00DBEF85 /* Dashboard */ = {
			isa = PBXGroup;
			children = (
				ACF5ACFF2B9B07C700DBEF85 /* DashboardVC.swift */,
				ACF5ACFD2B9B07B800DBEF85 /* DashboardView.swift */,
				ACF5AD0A2B9B112600DBEF85 /* IntroCVC.swift */,
				AC66688E2B9F194700AED57A /* TripCardCVC.swift */,
				AC6668AB2BA1D6F400AED57A /* ExchangeRateCVC.swift */,
				AC6668AD2BA1E4BE00AED57A /* ExchangeRateCRV.swift */,
			);
			path = Dashboard;
			sourceTree = "<group>";
		};
		ACF5AD032B9B0B5D00DBEF85 /* CompositionalLayout */ = {
			isa = PBXGroup;
			children = (
				ACF5AD012B9B0AD500DBEF85 /* DashboardCL.swift */,
				AC78E2ED2BA440BD005B2E99 /* TripDashboardCL.swift */,
				AC61A6612BA6E9CF00EF14BD /* CategoryCL.swift */,
				AC61A6672BA742F100EF14BD /* NumberPadCL.swift */,
			);
			path = CompositionalLayout;
			sourceTree = "<group>";
		};
		ACF5AD0C2B9C0E9200DBEF85 /* CreateTrip */ = {
			isa = PBXGroup;
			children = (
				ACF5AD0D2B9C0EB200DBEF85 /* CreateTripVC.swift */,
				ACF5AD0F2B9C0EBB00DBEF85 /* CreateTripView.swift */,
				ACF5AD202B9CB11900DBEF85 /* Calendar */,
			);
			path = CreateTrip;
			sourceTree = "<group>";
		};
		ACF5AD172B9C64F800DBEF85 /* Extension */ = {
			isa = PBXGroup;
			children = (
				ACF5AD182B9C650F00DBEF85 /* NSObject++.swift */,
				ACF5AD272B9D6BEC00DBEF85 /* UIButton++.swift */,
				ACF5AD292B9D6DDE00DBEF85 /* UITextField++.swift */,
				ACF5AD2B2B9D6F0700DBEF85 /* UILabel++.swift */,
				AC6668A92BA1A26000AED57A /* String++.swift */,
			);
			path = Extension;
			sourceTree = "<group>";
		};
		ACF5AD202B9CB11900DBEF85 /* Calendar */ = {
			isa = PBXGroup;
			children = (
				ACF5AD212B9CB14300DBEF85 /* CalendarVC.swift */,
				ACF5AD232B9CB14E00DBEF85 /* CalendarView.swift */,
				ACF5AD1A2B9C677600DBEF85 /* CalendarCustomCell.swift */,
			);
			path = Calendar;
			sourceTree = "<group>";
		};
/* End PBXGroup section */

/* Begin PBXNativeTarget section */
		ACF5ACBD2B99838600DBEF85 /* DoT */ = {
			isa = PBXNativeTarget;
			buildConfigurationList = ACF5ACD22B99838700DBEF85 /* Build configuration list for PBXNativeTarget "DoT" */;
			buildPhases = (
				ACF5ACBA2B99838600DBEF85 /* Sources */,
				ACF5ACBB2B99838600DBEF85 /* Frameworks */,
				ACF5ACBC2B99838600DBEF85 /* Resources */,
			);
			buildRules = (
			);
			dependencies = (
			);
			name = DoT;
			packageProductDependencies = (
				ACF5AD122B9C25C900DBEF85 /* SnapKit */,
				ACF5AD152B9C5A3F00DBEF85 /* FSCalendar */,
				AC6668842B9EFAA800AED57A /* Realm */,
				AC6668862B9EFAA800AED57A /* RealmSwift */,
				AC6668B02BA2819200AED57A /* Alamofire */,
			);
			productName = DoT;
			productReference = ACF5ACBE2B99838600DBEF85 /* DoT.app */;
			productType = "com.apple.product-type.application";
		};
/* End PBXNativeTarget section */

/* Begin PBXProject section */
		ACF5ACB62B99838600DBEF85 /* Project object */ = {
			isa = PBXProject;
			attributes = {
				BuildIndependentTargetsInParallel = 1;
				LastSwiftUpdateCheck = 1530;
				LastUpgradeCheck = 1530;
				TargetAttributes = {
					ACF5ACBD2B99838600DBEF85 = {
						CreatedOnToolsVersion = 15.3;
					};
				};
			};
			buildConfigurationList = ACF5ACB92B99838600DBEF85 /* Build configuration list for PBXProject "DoT" */;
			compatibilityVersion = "Xcode 14.0";
			developmentRegion = en;
			hasScannedForEncodings = 0;
			knownRegions = (
				en,
				Base,
			);
			mainGroup = ACF5ACB52B99838600DBEF85;
			packageReferences = (
				ACF5ACED2B9AFD4500DBEF85 /* XCRemoteSwiftPackageReference "SnapKit" */,
				ACF5AD142B9C5A3F00DBEF85 /* XCRemoteSwiftPackageReference "FSCalendar" */,
				AC6668832B9EFAA800AED57A /* XCRemoteSwiftPackageReference "realm-swift" */,
				AC6668AF2BA2819200AED57A /* XCRemoteSwiftPackageReference "Alamofire" */,
			);
			productRefGroup = ACF5ACBF2B99838600DBEF85 /* Products */;
			projectDirPath = "";
			projectRoot = "";
			targets = (
				ACF5ACBD2B99838600DBEF85 /* DoT */,
			);
		};
/* End PBXProject section */

/* Begin PBXResourcesBuildPhase section */
		ACF5ACBC2B99838600DBEF85 /* Resources */ = {
			isa = PBXResourcesBuildPhase;
			buildActionMask = 2147483647;
			files = (
				ACF5ACE62B9AFB9C00DBEF85 /* NotoSansKR-Medium.otf in Resources */,
				ACF5ACCB2B99838700DBEF85 /* Assets.xcassets in Resources */,
				ACF5ACE92B9AFB9C00DBEF85 /* NotoSansKR-Light.otf in Resources */,
				ACF5ACEC2B9AFB9C00DBEF85 /* NotoSansKR-Black.otf in Resources */,
				ACF5ACCE2B99838700DBEF85 /* Base in Resources */,
				ACF5ACEB2B9AFB9C00DBEF85 /* NotoSansKR-Bold.otf in Resources */,
				ACF5ACE82B9AFB9C00DBEF85 /* NotoSansKR-DemiLight.otf in Resources */,
				ACF5ACC92B99838600DBEF85 /* Base in Resources */,
				ACF5ACEA2B9AFB9C00DBEF85 /* NotoSansKR-Regular.otf in Resources */,
				ACF5ACE72B9AFB9C00DBEF85 /* NotoSansKR-Thin.otf in Resources */,
			);
			runOnlyForDeploymentPostprocessing = 0;
		};
/* End PBXResourcesBuildPhase section */

/* Begin PBXSourcesBuildPhase section */
		ACF5ACBA2B99838600DBEF85 /* Sources */ = {
			isa = PBXSourcesBuildPhase;
			buildActionMask = 2147483647;
			files = (
				AC61A6642BA6EAB600EF14BD /* CategoryCVC.swift in Sources */,
				AC6668D02BA306E600AED57A /* ExchangeRealm.swift in Sources */,
				AC6668AA2BA1A26000AED57A /* String++.swift in Sources */,
				AC6668AE2BA1E4BE00AED57A /* ExchangeRateCRV.swift in Sources */,
				AC939C252BA88EF50048956B /* ExpenseCRV.swift in Sources */,
				AC78E2F22BA44ED6005B2E99 /* BudgetCardCVC.swift in Sources */,
				AC6668AC2BA1D6F400AED57A /* ExchangeRateCVC.swift in Sources */,
				AC61A6552BA6BB8300EF14BD /* TripIntro.swift in Sources */,
				AC78E2EC2BA43C04005B2E99 /* TripDashboardView.swift in Sources */,
				AC78E2EE2BA440BD005B2E99 /* TripDashboardCL.swift in Sources */,
				AC6668A22BA044C100AED57A /* NumberUtil.swift in Sources */,
				ACF5AD1B2B9C677600DBEF85 /* CalendarCustomCell.swift in Sources */,
				ACF5ACF12B9AFF5000DBEF85 /* Consts.swift in Sources */,
				ACF5AD002B9B07C700DBEF85 /* DashboardVC.swift in Sources */,
				AC66687F2B9DA74C00AED57A /* CreateTripViewModel.swift in Sources */,
				ACF5ACFE2B9B07B800DBEF85 /* DashboardView.swift in Sources */,
				AC6668892B9EFAF200AED57A /* RealmManager.swift in Sources */,
				ACF5ACC22B99838600DBEF85 /* AppDelegate.swift in Sources */,
				AC78E2EA2BA43BF5005B2E99 /* TripDashboardVC.swift in Sources */,
				AC6668992B9FF37F00AED57A /* DashboardViewModel.swift in Sources */,
				AC66688B2B9F00FD00AED57A /* TripInfo.swift in Sources */,
				AC61A65E2BA6E67200EF14BD /* ExpenseVC.swift in Sources */,
				ACF5AD072B9B0F3400DBEF85 /* Observable.swift in Sources */,
				AC6668BF2BA291E100AED57A /* ExchangeAPIModel.swift in Sources */,
				ACF5AD242B9CB14E00DBEF85 /* CalendarView.swift in Sources */,
				AC61A6572BA6C97400EF14BD /* TripDetailInfo.swift in Sources */,
				AC61A6532BA6B6C000EF14BD /* TripDashboardViewModel.swift in Sources */,
				AC6668B92BA2835A00AED57A /* APIProtocol.swift in Sources */,
				AC6668BB2BA284AC00AED57A /* ExchangeAPI.swift in Sources */,
				ACF5AD022B9B0AD500DBEF85 /* DashboardCL.swift in Sources */,
				ACF5ACF62B9B03FC00DBEF85 /* BaseView.swift in Sources */,
				AC61A6602BA6E67B00EF14BD /* ExpenseView.swift in Sources */,
				AC78E2F02BA442D8005B2E99 /* TripIntroCVC.swift in Sources */,
				AC6668C12BA2B4D000AED57A /* APIViewModel.swift in Sources */,
				AC61A65B2BA6E31F00EF14BD /* ExpenseCategory.swift in Sources */,
				ACF5AD282B9D6BEC00DBEF85 /* UIButton++.swift in Sources */,
				AC6668B42BA281C300AED57A /* APIManager.swift in Sources */,
				ACF5AD2C2B9D6F0700DBEF85 /* UILabel++.swift in Sources */,
				ACF5ACF82B9B049200DBEF85 /* BaseViewController.swift in Sources */,
				ACF5ACF32B9B008F00DBEF85 /* FontManager.swift in Sources */,
				ACF5AD222B9CB14300DBEF85 /* CalendarVC.swift in Sources */,
				ACF5AD2A2B9D6DDE00DBEF85 /* UITextField++.swift in Sources */,
				AC6668A02BA0179C00AED57A /* InProgressTrip.swift in Sources */,
				AC61A6682BA742F100EF14BD /* NumberPadCL.swift in Sources */,
				AC66688D2B9F023900AED57A /* RealmError.swift in Sources */,
				AC66688F2B9F194700AED57A /* TripCardCVC.swift in Sources */,
				ACF5AD192B9C650F00DBEF85 /* NSObject++.swift in Sources */,
				ACF5AD262B9CBC9400DBEF85 /* CalendarType.swift in Sources */,
				ACF5AD1D2B9C6B1C00DBEF85 /* CalendarViewModel.swift in Sources */,
				ACF5AD0B2B9B112600DBEF85 /* IntroCVC.swift in Sources */,
				AC61A6662BA73CA400EF14BD /* NumberPadCVC.swift in Sources */,
				ACF5AD092B9B108E00DBEF85 /* BaseCollectionViewCell.swift in Sources */,
				AC6668C82BA2EEFF00AED57A /* APIKey.swift in Sources */,
				AC939C232BA82FEF0048956B /* ExpenseViewModel.swift in Sources */,
				AC61A6622BA6E9CF00EF14BD /* CategoryCL.swift in Sources */,
				ACF5AD102B9C0EBB00DBEF85 /* CreateTripView.swift in Sources */,
				ACF5AD1F2B9C729C00DBEF85 /* DateUtil.swift in Sources */,
				AC78E2F42BA46753005B2E99 /* ExpenseCVC.swift in Sources */,
				ACF5ACC42B99838600DBEF85 /* SceneDelegate.swift in Sources */,
				ACF5AD0E2B9C0EB200DBEF85 /* CreateTripVC.swift in Sources */,
			);
			runOnlyForDeploymentPostprocessing = 0;
		};
/* End PBXSourcesBuildPhase section */

/* Begin PBXVariantGroup section */
		ACF5ACC72B99838600DBEF85 /* Main.storyboard */ = {
			isa = PBXVariantGroup;
			children = (
				ACF5ACC82B99838600DBEF85 /* Base */,
			);
			name = Main.storyboard;
			sourceTree = "<group>";
		};
		ACF5ACCC2B99838700DBEF85 /* LaunchScreen.storyboard */ = {
			isa = PBXVariantGroup;
			children = (
				ACF5ACCD2B99838700DBEF85 /* Base */,
			);
			name = LaunchScreen.storyboard;
			sourceTree = "<group>";
		};
/* End PBXVariantGroup section */

/* Begin XCBuildConfiguration section */
		ACF5ACD02B99838700DBEF85 /* Debug */ = {
			isa = XCBuildConfiguration;
			buildSettings = {
				ALWAYS_SEARCH_USER_PATHS = NO;
				ASSETCATALOG_COMPILER_GENERATE_SWIFT_ASSET_SYMBOL_EXTENSIONS = YES;
				CLANG_ANALYZER_NONNULL = YES;
				CLANG_ANALYZER_NUMBER_OBJECT_CONVERSION = YES_AGGRESSIVE;
				CLANG_CXX_LANGUAGE_STANDARD = "gnu++20";
				CLANG_ENABLE_MODULES = YES;
				CLANG_ENABLE_OBJC_ARC = YES;
				CLANG_ENABLE_OBJC_WEAK = YES;
				CLANG_WARN_BLOCK_CAPTURE_AUTORELEASING = YES;
				CLANG_WARN_BOOL_CONVERSION = YES;
				CLANG_WARN_COMMA = YES;
				CLANG_WARN_CONSTANT_CONVERSION = YES;
				CLANG_WARN_DEPRECATED_OBJC_IMPLEMENTATIONS = YES;
				CLANG_WARN_DIRECT_OBJC_ISA_USAGE = YES_ERROR;
				CLANG_WARN_DOCUMENTATION_COMMENTS = YES;
				CLANG_WARN_EMPTY_BODY = YES;
				CLANG_WARN_ENUM_CONVERSION = YES;
				CLANG_WARN_INFINITE_RECURSION = YES;
				CLANG_WARN_INT_CONVERSION = YES;
				CLANG_WARN_NON_LITERAL_NULL_CONVERSION = YES;
				CLANG_WARN_OBJC_IMPLICIT_RETAIN_SELF = YES;
				CLANG_WARN_OBJC_LITERAL_CONVERSION = YES;
				CLANG_WARN_OBJC_ROOT_CLASS = YES_ERROR;
				CLANG_WARN_QUOTED_INCLUDE_IN_FRAMEWORK_HEADER = YES;
				CLANG_WARN_RANGE_LOOP_ANALYSIS = YES;
				CLANG_WARN_STRICT_PROTOTYPES = YES;
				CLANG_WARN_SUSPICIOUS_MOVE = YES;
				CLANG_WARN_UNGUARDED_AVAILABILITY = YES_AGGRESSIVE;
				CLANG_WARN_UNREACHABLE_CODE = YES;
				CLANG_WARN__DUPLICATE_METHOD_MATCH = YES;
				COPY_PHASE_STRIP = NO;
				DEBUG_INFORMATION_FORMAT = dwarf;
				ENABLE_STRICT_OBJC_MSGSEND = YES;
				ENABLE_TESTABILITY = YES;
				ENABLE_USER_SCRIPT_SANDBOXING = YES;
				GCC_C_LANGUAGE_STANDARD = gnu17;
				GCC_DYNAMIC_NO_PIC = NO;
				GCC_NO_COMMON_BLOCKS = YES;
				GCC_OPTIMIZATION_LEVEL = 0;
				GCC_PREPROCESSOR_DEFINITIONS = (
					"DEBUG=1",
					"$(inherited)",
				);
				GCC_WARN_64_TO_32_BIT_CONVERSION = YES;
				GCC_WARN_ABOUT_RETURN_TYPE = YES_ERROR;
				GCC_WARN_UNDECLARED_SELECTOR = YES;
				GCC_WARN_UNINITIALIZED_AUTOS = YES_AGGRESSIVE;
				GCC_WARN_UNUSED_FUNCTION = YES;
				GCC_WARN_UNUSED_VARIABLE = YES;
				IPHONEOS_DEPLOYMENT_TARGET = 17.4;
				LOCALIZATION_PREFERS_STRING_CATALOGS = YES;
				MTL_ENABLE_DEBUG_INFO = INCLUDE_SOURCE;
				MTL_FAST_MATH = YES;
				ONLY_ACTIVE_ARCH = YES;
				SDKROOT = iphoneos;
				SWIFT_ACTIVE_COMPILATION_CONDITIONS = "DEBUG $(inherited)";
				SWIFT_OPTIMIZATION_LEVEL = "-Onone";
			};
			name = Debug;
		};
		ACF5ACD12B99838700DBEF85 /* Release */ = {
			isa = XCBuildConfiguration;
			buildSettings = {
				ALWAYS_SEARCH_USER_PATHS = NO;
				ASSETCATALOG_COMPILER_GENERATE_SWIFT_ASSET_SYMBOL_EXTENSIONS = YES;
				CLANG_ANALYZER_NONNULL = YES;
				CLANG_ANALYZER_NUMBER_OBJECT_CONVERSION = YES_AGGRESSIVE;
				CLANG_CXX_LANGUAGE_STANDARD = "gnu++20";
				CLANG_ENABLE_MODULES = YES;
				CLANG_ENABLE_OBJC_ARC = YES;
				CLANG_ENABLE_OBJC_WEAK = YES;
				CLANG_WARN_BLOCK_CAPTURE_AUTORELEASING = YES;
				CLANG_WARN_BOOL_CONVERSION = YES;
				CLANG_WARN_COMMA = YES;
				CLANG_WARN_CONSTANT_CONVERSION = YES;
				CLANG_WARN_DEPRECATED_OBJC_IMPLEMENTATIONS = YES;
				CLANG_WARN_DIRECT_OBJC_ISA_USAGE = YES_ERROR;
				CLANG_WARN_DOCUMENTATION_COMMENTS = YES;
				CLANG_WARN_EMPTY_BODY = YES;
				CLANG_WARN_ENUM_CONVERSION = YES;
				CLANG_WARN_INFINITE_RECURSION = YES;
				CLANG_WARN_INT_CONVERSION = YES;
				CLANG_WARN_NON_LITERAL_NULL_CONVERSION = YES;
				CLANG_WARN_OBJC_IMPLICIT_RETAIN_SELF = YES;
				CLANG_WARN_OBJC_LITERAL_CONVERSION = YES;
				CLANG_WARN_OBJC_ROOT_CLASS = YES_ERROR;
				CLANG_WARN_QUOTED_INCLUDE_IN_FRAMEWORK_HEADER = YES;
				CLANG_WARN_RANGE_LOOP_ANALYSIS = YES;
				CLANG_WARN_STRICT_PROTOTYPES = YES;
				CLANG_WARN_SUSPICIOUS_MOVE = YES;
				CLANG_WARN_UNGUARDED_AVAILABILITY = YES_AGGRESSIVE;
				CLANG_WARN_UNREACHABLE_CODE = YES;
				CLANG_WARN__DUPLICATE_METHOD_MATCH = YES;
				COPY_PHASE_STRIP = NO;
				DEBUG_INFORMATION_FORMAT = "dwarf-with-dsym";
				ENABLE_NS_ASSERTIONS = NO;
				ENABLE_STRICT_OBJC_MSGSEND = YES;
				ENABLE_USER_SCRIPT_SANDBOXING = YES;
				GCC_C_LANGUAGE_STANDARD = gnu17;
				GCC_NO_COMMON_BLOCKS = YES;
				GCC_WARN_64_TO_32_BIT_CONVERSION = YES;
				GCC_WARN_ABOUT_RETURN_TYPE = YES_ERROR;
				GCC_WARN_UNDECLARED_SELECTOR = YES;
				GCC_WARN_UNINITIALIZED_AUTOS = YES_AGGRESSIVE;
				GCC_WARN_UNUSED_FUNCTION = YES;
				GCC_WARN_UNUSED_VARIABLE = YES;
				IPHONEOS_DEPLOYMENT_TARGET = 17.4;
				LOCALIZATION_PREFERS_STRING_CATALOGS = YES;
				MTL_ENABLE_DEBUG_INFO = NO;
				MTL_FAST_MATH = YES;
				SDKROOT = iphoneos;
				SWIFT_COMPILATION_MODE = wholemodule;
				VALIDATE_PRODUCT = YES;
			};
			name = Release;
		};
		ACF5ACD32B99838700DBEF85 /* Debug */ = {
			isa = XCBuildConfiguration;
			buildSettings = {
				ASSETCATALOG_COMPILER_APPICON_NAME = AppIcon;
				ASSETCATALOG_COMPILER_GLOBAL_ACCENT_COLOR_NAME = AccentColor;
				CODE_SIGN_STYLE = Automatic;
				CURRENT_PROJECT_VERSION = 1;
				DEVELOPMENT_TEAM = 92Y6UC7Q5M;
				GENERATE_INFOPLIST_FILE = YES;
				INFOPLIST_FILE = DoT/Info.plist;
				INFOPLIST_KEY_CFBundleDisplayName = DoT;
				INFOPLIST_KEY_UIApplicationSupportsIndirectInputEvents = YES;
				INFOPLIST_KEY_UILaunchStoryboardName = LaunchScreen;
				INFOPLIST_KEY_UIMainStoryboardFile = Main;
				INFOPLIST_KEY_UISupportedInterfaceOrientations = UIInterfaceOrientationPortrait;
				INFOPLIST_KEY_UISupportedInterfaceOrientations_iPad = "UIInterfaceOrientationLandscapeLeft UIInterfaceOrientationLandscapeRight UIInterfaceOrientationPortrait UIInterfaceOrientationPortraitUpsideDown";
				IPHONEOS_DEPLOYMENT_TARGET = 16.0;
				LD_RUNPATH_SEARCH_PATHS = (
					"$(inherited)",
					"@executable_path/Frameworks",
				);
				MARKETING_VERSION = 1.0;
				PRODUCT_BUNDLE_IDENTIFIER = com.donotinto.DoT;
				PRODUCT_NAME = "$(TARGET_NAME)";
				SUPPORTED_PLATFORMS = "iphoneos iphonesimulator";
				SUPPORTS_MACCATALYST = NO;
				SUPPORTS_MAC_DESIGNED_FOR_IPHONE_IPAD = NO;
				SUPPORTS_XR_DESIGNED_FOR_IPHONE_IPAD = NO;
				SWIFT_EMIT_LOC_STRINGS = YES;
				SWIFT_VERSION = 5.0;
				TARGETED_DEVICE_FAMILY = 1;
			};
			name = Debug;
		};
		ACF5ACD42B99838700DBEF85 /* Release */ = {
			isa = XCBuildConfiguration;
			buildSettings = {
				ASSETCATALOG_COMPILER_APPICON_NAME = AppIcon;
				ASSETCATALOG_COMPILER_GLOBAL_ACCENT_COLOR_NAME = AccentColor;
				CODE_SIGN_STYLE = Automatic;
				CURRENT_PROJECT_VERSION = 1;
				DEVELOPMENT_TEAM = 92Y6UC7Q5M;
				GENERATE_INFOPLIST_FILE = YES;
				INFOPLIST_FILE = DoT/Info.plist;
				INFOPLIST_KEY_CFBundleDisplayName = DoT;
				INFOPLIST_KEY_UIApplicationSupportsIndirectInputEvents = YES;
				INFOPLIST_KEY_UILaunchStoryboardName = LaunchScreen;
				INFOPLIST_KEY_UIMainStoryboardFile = Main;
				INFOPLIST_KEY_UISupportedInterfaceOrientations = UIInterfaceOrientationPortrait;
				INFOPLIST_KEY_UISupportedInterfaceOrientations_iPad = "UIInterfaceOrientationLandscapeLeft UIInterfaceOrientationLandscapeRight UIInterfaceOrientationPortrait UIInterfaceOrientationPortraitUpsideDown";
				IPHONEOS_DEPLOYMENT_TARGET = 16.0;
				LD_RUNPATH_SEARCH_PATHS = (
					"$(inherited)",
					"@executable_path/Frameworks",
				);
				MARKETING_VERSION = 1.0;
				PRODUCT_BUNDLE_IDENTIFIER = com.donotinto.DoT;
				PRODUCT_NAME = "$(TARGET_NAME)";
				SUPPORTED_PLATFORMS = "iphoneos iphonesimulator";
				SUPPORTS_MACCATALYST = NO;
				SUPPORTS_MAC_DESIGNED_FOR_IPHONE_IPAD = NO;
				SUPPORTS_XR_DESIGNED_FOR_IPHONE_IPAD = NO;
				SWIFT_EMIT_LOC_STRINGS = YES;
				SWIFT_VERSION = 5.0;
				TARGETED_DEVICE_FAMILY = 1;
			};
			name = Release;
		};
/* End XCBuildConfiguration section */

/* Begin XCConfigurationList section */
		ACF5ACB92B99838600DBEF85 /* Build configuration list for PBXProject "DoT" */ = {
			isa = XCConfigurationList;
			buildConfigurations = (
				ACF5ACD02B99838700DBEF85 /* Debug */,
				ACF5ACD12B99838700DBEF85 /* Release */,
			);
			defaultConfigurationIsVisible = 0;
			defaultConfigurationName = Release;
		};
		ACF5ACD22B99838700DBEF85 /* Build configuration list for PBXNativeTarget "DoT" */ = {
			isa = XCConfigurationList;
			buildConfigurations = (
				ACF5ACD32B99838700DBEF85 /* Debug */,
				ACF5ACD42B99838700DBEF85 /* Release */,
			);
			defaultConfigurationIsVisible = 0;
			defaultConfigurationName = Release;
		};
/* End XCConfigurationList section */

/* Begin XCRemoteSwiftPackageReference section */
		AC6668832B9EFAA800AED57A /* XCRemoteSwiftPackageReference "realm-swift" */ = {
			isa = XCRemoteSwiftPackageReference;
			repositoryURL = "https://github.com/realm/realm-swift.git";
			requirement = {
				kind = upToNextMajorVersion;
				minimumVersion = 10.48.0;
			};
		};
		AC6668AF2BA2819200AED57A /* XCRemoteSwiftPackageReference "Alamofire" */ = {
			isa = XCRemoteSwiftPackageReference;
			repositoryURL = "https://github.com/Alamofire/Alamofire.git";
			requirement = {
				kind = upToNextMajorVersion;
				minimumVersion = 5.9.0;
			};
		};
		ACF5ACED2B9AFD4500DBEF85 /* XCRemoteSwiftPackageReference "SnapKit" */ = {
			isa = XCRemoteSwiftPackageReference;
			repositoryURL = "https://github.com/SnapKit/SnapKit";
			requirement = {
				kind = upToNextMajorVersion;
				minimumVersion = 5.7.1;
			};
		};
		ACF5AD142B9C5A3F00DBEF85 /* XCRemoteSwiftPackageReference "FSCalendar" */ = {
			isa = XCRemoteSwiftPackageReference;
			repositoryURL = "https://github.com/WenchaoD/FSCalendar.git";
			requirement = {
				kind = upToNextMajorVersion;
				minimumVersion = 2.8.4;
			};
		};
/* End XCRemoteSwiftPackageReference section */

/* Begin XCSwiftPackageProductDependency section */
		AC6668842B9EFAA800AED57A /* Realm */ = {
			isa = XCSwiftPackageProductDependency;
			package = AC6668832B9EFAA800AED57A /* XCRemoteSwiftPackageReference "realm-swift" */;
			productName = Realm;
		};
		AC6668862B9EFAA800AED57A /* RealmSwift */ = {
			isa = XCSwiftPackageProductDependency;
			package = AC6668832B9EFAA800AED57A /* XCRemoteSwiftPackageReference "realm-swift" */;
			productName = RealmSwift;
		};
		AC6668B02BA2819200AED57A /* Alamofire */ = {
			isa = XCSwiftPackageProductDependency;
			package = AC6668AF2BA2819200AED57A /* XCRemoteSwiftPackageReference "Alamofire" */;
			productName = Alamofire;
		};
		ACF5AD122B9C25C900DBEF85 /* SnapKit */ = {
			isa = XCSwiftPackageProductDependency;
			package = ACF5ACED2B9AFD4500DBEF85 /* XCRemoteSwiftPackageReference "SnapKit" */;
			productName = SnapKit;
		};
		ACF5AD152B9C5A3F00DBEF85 /* FSCalendar */ = {
			isa = XCSwiftPackageProductDependency;
			package = ACF5AD142B9C5A3F00DBEF85 /* XCRemoteSwiftPackageReference "FSCalendar" */;
			productName = FSCalendar;
		};
/* End XCSwiftPackageProductDependency section */
	};
	rootObject = ACF5ACB62B99838600DBEF85 /* Project object */;
}
